
Microsoft Visual Studio Solution File, Format Version 12.00
# Visual Studio Version 16
VisualStudioVersion = 16.0.29609.76
MinimumVisualStudioVersion = 15.0.26124.0
Project("{9A19103F-16F7-4668-BE54-9A1E7A4F7556}") = "ECommerce.Api.Products", "ECommerce.Api.Products\ECommerce.Api.Products.csproj", "{CD14D144-3CEC-4574-8B38-EEA96AA95320}"
EndProject
Project("{9A19103F-16F7-4668-BE54-9A1E7A4F7556}") = "ECommerce.Api.Customers", "ECommerce.Api.Customers\ECommerce.Api.Customers.csproj", "{1D618DC8-1023-4925-A18E-1E49FF89E791}"
EndProject
Project("{9A19103F-16F7-4668-BE54-9A1E7A4F7556}") = "ECommerce.Api.Orders", "ECommerce.Api.Orders\ECommerce.Api.Orders.csproj", "{7EB43BBC-31C8-417F-A774-7F370D2F9E2C}"
EndProject
Project("{9A19103F-16F7-4668-BE54-9A1E7A4F7556}") = "ECommerce.Api.Search", "ECommerce.Api.Search\ECommerce.Api.Search.csproj", "{854A9CCB-64A3-453A-B0A8-968765C908FF}"
EndProject
Project("{E53339B2-1760-4266-BCC7-CA923CBCF16C}") = "docker-compose", "docker-compose.dcproj", "{293CA45F-DCBF-4A99-99DA-E052B0667785}"
EndProject
Project("{9A19103F-16F7-4668-BE54-9A1E7A4F7556}") = "XUnitTestProduct", "XUnitTestProduct\XUnitTestProduct.csproj", "{A03EC16C-BBBE-471F-AC81-263956B32338}"
EndProject
Project("{9A19103F-16F7-4668-BE54-9A1E7A4F7556}") = "XUnitTestCustomer", "XUnitTestCustomer\XUnitTestCustomer.csproj", "{6682D912-F8F6-4BF7-B6C5-1B11081CF3CA}"
EndProject
Project("{2150E333-8FDC-42A3-9474-1A3956D46DE8}") = "Messaging", "Messaging", "{D8C2F671-EBEB-409E-97C9-AE291E905AC1}"
EndProject
Project("{9A19103F-16F7-4668-BE54-9A1E7A4F7556}") = "ECommerce.RabbitMQ.Bus", "ECommerce.RabbitMQ.Bus\ECommerce.RabbitMQ.Bus.csproj", "{41FDFB90-1CC1-407B-85E5-71CCB249437E}"
EndProject
Project("{9A19103F-16F7-4668-BE54-9A1E7A4F7556}") = "ECommerce.RabbitMQ.IoC", "ECommerce.RabbitMQ.IoC\ECommerce.RabbitMQ.IoC.csproj", "{9E9FD194-2C48-4223-9932-775D6F753E5E}"
EndProject
Project("{9A19103F-16F7-4668-BE54-9A1E7A4F7556}") = "XUnitTestOrder", "XUnitTestOrder\XUnitTestOrder.csproj", "{124054D8-2A5D-4443-8F14-956AAF76CE20}"
EndProject
Project("{9A19103F-16F7-4668-BE54-9A1E7A4F7556}") = "XUnitTestSearch", "XUnitTestSearch\XUnitTestSearch.csproj", "{E511EA72-6F4F-4761-A448-3B412E906E68}"
EndProject
Project("{FAE04EC0-301F-11D3-BF4B-00C04F79EFBC}") = "ECommerce.Blazor.Server", "ECommerce.Blazor\Server\ECommerce.Blazor.Server.csproj", "{24B46F99-952C-48B8-B6D0-93B90D887111}"
EndProject
Project("{FAE04EC0-301F-11D3-BF4B-00C04F79EFBC}") = "ECommerce.Blazor.Client", "ECommerce.Blazor\Client\ECommerce.Blazor.Client.csproj", "{01629503-1B43-481C-9644-00844FFAD2F7}"
EndProject
Project("{FAE04EC0-301F-11D3-BF4B-00C04F79EFBC}") = "ECommerce.Blazor.Shared", "ECommerce.Blazor\Shared\ECommerce.Blazor.Shared.csproj", "{E2856360-4C2D-48DA-B4A0-0A2086E55242}"
EndProject
Global
	GlobalSection(SolutionConfigurationPlatforms) = preSolution
		Debug|Any CPU = Debug|Any CPU
		Debug|x64 = Debug|x64
		Debug|x86 = Debug|x86
		Release|Any CPU = Release|Any CPU
		Release|x64 = Release|x64
		Release|x86 = Release|x86
	EndGlobalSection
	GlobalSection(ProjectConfigurationPlatforms) = postSolution
		{CD14D144-3CEC-4574-8B38-EEA96AA95320}.Debug|Any CPU.ActiveCfg = Debug|Any CPU
		{CD14D144-3CEC-4574-8B38-EEA96AA95320}.Debug|Any CPU.Build.0 = Debug|Any CPU
		{CD14D144-3CEC-4574-8B38-EEA96AA95320}.Debug|x64.ActiveCfg = Debug|Any CPU
		{CD14D144-3CEC-4574-8B38-EEA96AA95320}.Debug|x64.Build.0 = Debug|Any CPU
		{CD14D144-3CEC-4574-8B38-EEA96AA95320}.Debug|x86.ActiveCfg = Debug|Any CPU
		{CD14D144-3CEC-4574-8B38-EEA96AA95320}.Debug|x86.Build.0 = Debug|Any CPU
		{CD14D144-3CEC-4574-8B38-EEA96AA95320}.Release|Any CPU.ActiveCfg = Release|Any CPU
		{CD14D144-3CEC-4574-8B38-EEA96AA95320}.Release|Any CPU.Build.0 = Release|Any CPU
		{CD14D144-3CEC-4574-8B38-EEA96AA95320}.Release|x64.ActiveCfg = Release|Any CPU
		{CD14D144-3CEC-4574-8B38-EEA96AA95320}.Release|x64.Build.0 = Release|Any CPU
		{CD14D144-3CEC-4574-8B38-EEA96AA95320}.Release|x86.ActiveCfg = Release|Any CPU
		{CD14D144-3CEC-4574-8B38-EEA96AA95320}.Release|x86.Build.0 = Release|Any CPU
		{1D618DC8-1023-4925-A18E-1E49FF89E791}.Debug|Any CPU.ActiveCfg = Debug|Any CPU
		{1D618DC8-1023-4925-A18E-1E49FF89E791}.Debug|Any CPU.Build.0 = Debug|Any CPU
		{1D618DC8-1023-4925-A18E-1E49FF89E791}.Debug|x64.ActiveCfg = Debug|Any CPU
		{1D618DC8-1023-4925-A18E-1E49FF89E791}.Debug|x64.Build.0 = Debug|Any CPU
		{1D618DC8-1023-4925-A18E-1E49FF89E791}.Debug|x86.ActiveCfg = Debug|Any CPU
		{1D618DC8-1023-4925-A18E-1E49FF89E791}.Debug|x86.Build.0 = Debug|Any CPU
		{1D618DC8-1023-4925-A18E-1E49FF89E791}.Release|Any CPU.ActiveCfg = Release|Any CPU
		{1D618DC8-1023-4925-A18E-1E49FF89E791}.Release|Any CPU.Build.0 = Release|Any CPU
		{1D618DC8-1023-4925-A18E-1E49FF89E791}.Release|x64.ActiveCfg = Release|Any CPU
		{1D618DC8-1023-4925-A18E-1E49FF89E791}.Release|x64.Build.0 = Release|Any CPU
		{1D618DC8-1023-4925-A18E-1E49FF89E791}.Release|x86.ActiveCfg = Release|Any CPU
		{1D618DC8-1023-4925-A18E-1E49FF89E791}.Release|x86.Build.0 = Release|Any CPU
		{7EB43BBC-31C8-417F-A774-7F370D2F9E2C}.Debug|Any CPU.ActiveCfg = Debug|Any CPU
		{7EB43BBC-31C8-417F-A774-7F370D2F9E2C}.Debug|Any CPU.Build.0 = Debug|Any CPU
		{7EB43BBC-31C8-417F-A774-7F370D2F9E2C}.Debug|x64.ActiveCfg = Debug|Any CPU
		{7EB43BBC-31C8-417F-A774-7F370D2F9E2C}.Debug|x64.Build.0 = Debug|Any CPU
		{7EB43BBC-31C8-417F-A774-7F370D2F9E2C}.Debug|x86.ActiveCfg = Debug|Any CPU
		{7EB43BBC-31C8-417F-A774-7F370D2F9E2C}.Debug|x86.Build.0 = Debug|Any CPU
		{7EB43BBC-31C8-417F-A774-7F370D2F9E2C}.Release|Any CPU.ActiveCfg = Release|Any CPU
		{7EB43BBC-31C8-417F-A774-7F370D2F9E2C}.Release|Any CPU.Build.0 = Release|Any CPU
		{7EB43BBC-31C8-417F-A774-7F370D2F9E2C}.Release|x64.ActiveCfg = Release|Any CPU
		{7EB43BBC-31C8-417F-A774-7F370D2F9E2C}.Release|x64.Build.0 = Release|Any CPU
		{7EB43BBC-31C8-417F-A774-7F370D2F9E2C}.Release|x86.ActiveCfg = Release|Any CPU
		{7EB43BBC-31C8-417F-A774-7F370D2F9E2C}.Release|x86.Build.0 = Release|Any CPU
		{854A9CCB-64A3-453A-B0A8-968765C908FF}.Debug|Any CPU.ActiveCfg = Debug|Any CPU
		{854A9CCB-64A3-453A-B0A8-968765C908FF}.Debug|Any CPU.Build.0 = Debug|Any CPU
		{854A9CCB-64A3-453A-B0A8-968765C908FF}.Debug|x64.ActiveCfg = Debug|Any CPU
		{854A9CCB-64A3-453A-B0A8-968765C908FF}.Debug|x64.Build.0 = Debug|Any CPU
		{854A9CCB-64A3-453A-B0A8-968765C908FF}.Debug|x86.ActiveCfg = Debug|Any CPU
		{854A9CCB-64A3-453A-B0A8-968765C908FF}.Debug|x86.Build.0 = Debug|Any CPU
		{854A9CCB-64A3-453A-B0A8-968765C908FF}.Release|Any CPU.ActiveCfg = Release|Any CPU
		{854A9CCB-64A3-453A-B0A8-968765C908FF}.Release|Any CPU.Build.0 = Release|Any CPU
		{854A9CCB-64A3-453A-B0A8-968765C908FF}.Release|x64.ActiveCfg = Release|Any CPU
		{854A9CCB-64A3-453A-B0A8-968765C908FF}.Release|x64.Build.0 = Release|Any CPU
		{854A9CCB-64A3-453A-B0A8-968765C908FF}.Release|x86.ActiveCfg = Release|Any CPU
		{854A9CCB-64A3-453A-B0A8-968765C908FF}.Release|x86.Build.0 = Release|Any CPU
		{293CA45F-DCBF-4A99-99DA-E052B0667785}.Debug|Any CPU.ActiveCfg = Debug|Any CPU
		{293CA45F-DCBF-4A99-99DA-E052B0667785}.Debug|Any CPU.Build.0 = Debug|Any CPU
		{293CA45F-DCBF-4A99-99DA-E052B0667785}.Debug|x64.ActiveCfg = Debug|Any CPU
		{293CA45F-DCBF-4A99-99DA-E052B0667785}.Debug|x64.Build.0 = Debug|Any CPU
		{293CA45F-DCBF-4A99-99DA-E052B0667785}.Debug|x86.ActiveCfg = Debug|Any CPU
		{293CA45F-DCBF-4A99-99DA-E052B0667785}.Debug|x86.Build.0 = Debug|Any CPU
		{293CA45F-DCBF-4A99-99DA-E052B0667785}.Release|Any CPU.ActiveCfg = Release|Any CPU
		{293CA45F-DCBF-4A99-99DA-E052B0667785}.Release|Any CPU.Build.0 = Release|Any CPU
		{293CA45F-DCBF-4A99-99DA-E052B0667785}.Release|x64.ActiveCfg = Release|Any CPU
		{293CA45F-DCBF-4A99-99DA-E052B0667785}.Release|x64.Build.0 = Release|Any CPU
		{293CA45F-DCBF-4A99-99DA-E052B0667785}.Release|x86.ActiveCfg = Release|Any CPU
		{293CA45F-DCBF-4A99-99DA-E052B0667785}.Release|x86.Build.0 = Release|Any CPU
		{A03EC16C-BBBE-471F-AC81-263956B32338}.Debug|Any CPU.ActiveCfg = Debug|Any CPU
		{A03EC16C-BBBE-471F-AC81-263956B32338}.Debug|Any CPU.Build.0 = Debug|Any CPU
		{A03EC16C-BBBE-471F-AC81-263956B32338}.Debug|x64.ActiveCfg = Debug|Any CPU
		{A03EC16C-BBBE-471F-AC81-263956B32338}.Debug|x64.Build.0 = Debug|Any CPU
		{A03EC16C-BBBE-471F-AC81-263956B32338}.Debug|x86.ActiveCfg = Debug|Any CPU
		{A03EC16C-BBBE-471F-AC81-263956B32338}.Debug|x86.Build.0 = Debug|Any CPU
		{A03EC16C-BBBE-471F-AC81-263956B32338}.Release|Any CPU.ActiveCfg = Release|Any CPU
		{A03EC16C-BBBE-471F-AC81-263956B32338}.Release|Any CPU.Build.0 = Release|Any CPU
		{A03EC16C-BBBE-471F-AC81-263956B32338}.Release|x64.ActiveCfg = Release|Any CPU
		{A03EC16C-BBBE-471F-AC81-263956B32338}.Release|x64.Build.0 = Release|Any CPU
		{A03EC16C-BBBE-471F-AC81-263956B32338}.Release|x86.ActiveCfg = Release|Any CPU
		{A03EC16C-BBBE-471F-AC81-263956B32338}.Release|x86.Build.0 = Release|Any CPU
		{6682D912-F8F6-4BF7-B6C5-1B11081CF3CA}.Debug|Any CPU.ActiveCfg = Debug|Any CPU
		{6682D912-F8F6-4BF7-B6C5-1B11081CF3CA}.Debug|Any CPU.Build.0 = Debug|Any CPU
		{6682D912-F8F6-4BF7-B6C5-1B11081CF3CA}.Debug|x64.ActiveCfg = Debug|Any CPU
		{6682D912-F8F6-4BF7-B6C5-1B11081CF3CA}.Debug|x64.Build.0 = Debug|Any CPU
		{6682D912-F8F6-4BF7-B6C5-1B11081CF3CA}.Debug|x86.ActiveCfg = Debug|Any CPU
		{6682D912-F8F6-4BF7-B6C5-1B11081CF3CA}.Debug|x86.Build.0 = Debug|Any CPU
		{6682D912-F8F6-4BF7-B6C5-1B11081CF3CA}.Release|Any CPU.ActiveCfg = Release|Any CPU
		{6682D912-F8F6-4BF7-B6C5-1B11081CF3CA}.Release|Any CPU.Build.0 = Release|Any CPU
		{6682D912-F8F6-4BF7-B6C5-1B11081CF3CA}.Release|x64.ActiveCfg = Release|Any CPU
		{6682D912-F8F6-4BF7-B6C5-1B11081CF3CA}.Release|x64.Build.0 = Release|Any CPU
		{6682D912-F8F6-4BF7-B6C5-1B11081CF3CA}.Release|x86.ActiveCfg = Release|Any CPU
		{6682D912-F8F6-4BF7-B6C5-1B11081CF3CA}.Release|x86.Build.0 = Release|Any CPU
		{41FDFB90-1CC1-407B-85E5-71CCB249437E}.Debug|Any CPU.ActiveCfg = Debug|Any CPU
		{41FDFB90-1CC1-407B-85E5-71CCB249437E}.Debug|Any CPU.Build.0 = Debug|Any CPU
		{41FDFB90-1CC1-407B-85E5-71CCB249437E}.Debug|x64.ActiveCfg = Debug|Any CPU
		{41FDFB90-1CC1-407B-85E5-71CCB249437E}.Debug|x64.Build.0 = Debug|Any CPU
		{41FDFB90-1CC1-407B-85E5-71CCB249437E}.Debug|x86.ActiveCfg = Debug|Any CPU
		{41FDFB90-1CC1-407B-85E5-71CCB249437E}.Debug|x86.Build.0 = Debug|Any CPU
		{41FDFB90-1CC1-407B-85E5-71CCB249437E}.Release|Any CPU.ActiveCfg = Release|Any CPU
		{41FDFB90-1CC1-407B-85E5-71CCB249437E}.Release|Any CPU.Build.0 = Release|Any CPU
		{41FDFB90-1CC1-407B-85E5-71CCB249437E}.Release|x64.ActiveCfg = Release|Any CPU
		{41FDFB90-1CC1-407B-85E5-71CCB249437E}.Release|x64.Build.0 = Release|Any CPU
		{41FDFB90-1CC1-407B-85E5-71CCB249437E}.Release|x86.ActiveCfg = Release|Any CPU
		{41FDFB90-1CC1-407B-85E5-71CCB249437E}.Release|x86.Build.0 = Release|Any CPU
		{9E9FD194-2C48-4223-9932-775D6F753E5E}.Debug|Any CPU.ActiveCfg = Debug|Any CPU
		{9E9FD194-2C48-4223-9932-775D6F753E5E}.Debug|Any CPU.Build.0 = Debug|Any CPU
		{9E9FD194-2C48-4223-9932-775D6F753E5E}.Debug|x64.ActiveCfg = Debug|Any CPU
		{9E9FD194-2C48-4223-9932-775D6F753E5E}.Debug|x64.Build.0 = Debug|Any CPU
		{9E9FD194-2C48-4223-9932-775D6F753E5E}.Debug|x86.ActiveCfg = Debug|Any CPU
		{9E9FD194-2C48-4223-9932-775D6F753E5E}.Debug|x86.Build.0 = Debug|Any CPU
		{9E9FD194-2C48-4223-9932-775D6F753E5E}.Release|Any CPU.ActiveCfg = Release|Any CPU
		{9E9FD194-2C48-4223-9932-775D6F753E5E}.Release|Any CPU.Build.0 = Release|Any CPU
		{9E9FD194-2C48-4223-9932-775D6F753E5E}.Release|x64.ActiveCfg = Release|Any CPU
		{9E9FD194-2C48-4223-9932-775D6F753E5E}.Release|x64.Build.0 = Release|Any CPU
		{9E9FD194-2C48-4223-9932-775D6F753E5E}.Release|x86.ActiveCfg = Release|Any CPU
		{9E9FD194-2C48-4223-9932-775D6F753E5E}.Release|x86.Build.0 = Release|Any CPU
		{124054D8-2A5D-4443-8F14-956AAF76CE20}.Debug|Any CPU.ActiveCfg = Debug|Any CPU
		{124054D8-2A5D-4443-8F14-956AAF76CE20}.Debug|Any CPU.Build.0 = Debug|Any CPU
		{124054D8-2A5D-4443-8F14-956AAF76CE20}.Debug|x64.ActiveCfg = Debug|Any CPU
		{124054D8-2A5D-4443-8F14-956AAF76CE20}.Debug|x64.Build.0 = Debug|Any CPU
		{124054D8-2A5D-4443-8F14-956AAF76CE20}.Debug|x86.ActiveCfg = Debug|Any CPU
		{124054D8-2A5D-4443-8F14-956AAF76CE20}.Debug|x86.Build.0 = Debug|Any CPU
		{124054D8-2A5D-4443-8F14-956AAF76CE20}.Release|Any CPU.ActiveCfg = Release|Any CPU
		{124054D8-2A5D-4443-8F14-956AAF76CE20}.Release|Any CPU.Build.0 = Release|Any CPU
		{124054D8-2A5D-4443-8F14-956AAF76CE20}.Release|x64.ActiveCfg = Release|Any CPU
		{124054D8-2A5D-4443-8F14-956AAF76CE20}.Release|x64.Build.0 = Release|Any CPU
		{124054D8-2A5D-4443-8F14-956AAF76CE20}.Release|x86.ActiveCfg = Release|Any CPU
		{124054D8-2A5D-4443-8F14-956AAF76CE20}.Release|x86.Build.0 = Release|Any CPU
		{E511EA72-6F4F-4761-A448-3B412E906E68}.Debug|Any CPU.ActiveCfg = Debug|Any CPU
		{E511EA72-6F4F-4761-A448-3B412E906E68}.Debug|Any CPU.Build.0 = Debug|Any CPU
		{E511EA72-6F4F-4761-A448-3B412E906E68}.Debug|x64.ActiveCfg = Debug|Any CPU
		{E511EA72-6F4F-4761-A448-3B412E906E68}.Debug|x64.Build.0 = Debug|Any CPU
		{E511EA72-6F4F-4761-A448-3B412E906E68}.Debug|x86.ActiveCfg = Debug|Any CPU
		{E511EA72-6F4F-4761-A448-3B412E906E68}.Debug|x86.Build.0 = Debug|Any CPU
		{E511EA72-6F4F-4761-A448-3B412E906E68}.Release|Any CPU.ActiveCfg = Release|Any CPU
		{E511EA72-6F4F-4761-A448-3B412E906E68}.Release|Any CPU.Build.0 = Release|Any CPU
		{E511EA72-6F4F-4761-A448-3B412E906E68}.Release|x64.ActiveCfg = Release|Any CPU
		{E511EA72-6F4F-4761-A448-3B412E906E68}.Release|x64.Build.0 = Release|Any CPU
		{E511EA72-6F4F-4761-A448-3B412E906E68}.Release|x86.ActiveCfg = Release|Any CPU
		{E511EA72-6F4F-4761-A448-3B412E906E68}.Release|x86.Build.0 = Release|Any CPU
		{24B46F99-952C-48B8-B6D0-93B90D887111}.Debug|Any CPU.ActiveCfg = Debug|Any CPU
		{24B46F99-952C-48B8-B6D0-93B90D887111}.Debug|Any CPU.Build.0 = Debug|Any CPU
		{24B46F99-952C-48B8-B6D0-93B90D887111}.Debug|x64.ActiveCfg = Debug|Any CPU
		{24B46F99-952C-48B8-B6D0-93B90D887111}.Debug|x64.Build.0 = Debug|Any CPU
		{24B46F99-952C-48B8-B6D0-93B90D887111}.Debug|x86.ActiveCfg = Debug|Any CPU
		{24B46F99-952C-48B8-B6D0-93B90D887111}.Debug|x86.Build.0 = Debug|Any CPU
		{24B46F99-952C-48B8-B6D0-93B90D887111}.Release|Any CPU.ActiveCfg = Release|Any CPU
		{24B46F99-952C-48B8-B6D0-93B90D887111}.Release|Any CPU.Build.0 = Release|Any CPU
		{24B46F99-952C-48B8-B6D0-93B90D887111}.Release|x64.ActiveCfg = Release|Any CPU
		{24B46F99-952C-48B8-B6D0-93B90D887111}.Release|x64.Build.0 = Release|Any CPU
		{24B46F99-952C-48B8-B6D0-93B90D887111}.Release|x86.ActiveCfg = Release|Any CPU
		{24B46F99-952C-48B8-B6D0-93B90D887111}.Release|x86.Build.0 = Release|Any CPU
		{01629503-1B43-481C-9644-00844FFAD2F7}.Debug|Any CPU.ActiveCfg = Debug|Any CPU
		{01629503-1B43-481C-9644-00844FFAD2F7}.Debug|Any CPU.Build.0 = Debug|Any CPU
		{01629503-1B43-481C-9644-00844FFAD2F7}.Debug|x64.ActiveCfg = Debug|Any CPU
		{01629503-1B43-481C-9644-00844FFAD2F7}.Debug|x64.Build.0 = Debug|Any CPU
		{01629503-1B43-481C-9644-00844FFAD2F7}.Debug|x86.ActiveCfg = Debug|Any CPU
		{01629503-1B43-481C-9644-00844FFAD2F7}.Debug|x86.Build.0 = Debug|Any CPU
		{01629503-1B43-481C-9644-00844FFAD2F7}.Release|Any CPU.ActiveCfg = Release|Any CPU
		{01629503-1B43-481C-9644-00844FFAD2F7}.Release|Any CPU.Build.0 = Release|Any CPU
		{01629503-1B43-481C-9644-00844FFAD2F7}.Release|x64.ActiveCfg = Release|Any CPU
		{01629503-1B43-481C-9644-00844FFAD2F7}.Release|x64.Build.0 = Release|Any CPU
		{01629503-1B43-481C-9644-00844FFAD2F7}.Release|x86.ActiveCfg = Release|Any CPU
		{01629503-1B43-481C-9644-00844FFAD2F7}.Release|x86.Build.0 = Release|Any CPU
		{E2856360-4C2D-48DA-B4A0-0A2086E55242}.Debug|Any CPU.ActiveCfg = Debug|Any CPU
		{E2856360-4C2D-48DA-B4A0-0A2086E55242}.Debug|Any CPU.Build.0 = Debug|Any CPU
		{E2856360-4C2D-48DA-B4A0-0A2086E55242}.Debug|x64.ActiveCfg = Debug|Any CPU
		{E2856360-4C2D-48DA-B4A0-0A2086E55242}.Debug|x64.Build.0 = Debug|Any CPU
		{E2856360-4C2D-48DA-B4A0-0A2086E55242}.Debug|x86.ActiveCfg = Debug|Any CPU
		{E2856360-4C2D-48DA-B4A0-0A2086E55242}.Debug|x86.Build.0 = Debug|Any CPU
		{E2856360-4C2D-48DA-B4A0-0A2086E55242}.Release|Any CPU.ActiveCfg = Release|Any CPU
		{E2856360-4C2D-48DA-B4A0-0A2086E55242}.Release|Any CPU.Build.0 = Release|Any CPU
		{E2856360-4C2D-48DA-B4A0-0A2086E55242}.Release|x64.ActiveCfg = Release|Any CPU
		{E2856360-4C2D-48DA-B4A0-0A2086E55242}.Release|x64.Build.0 = Release|Any CPU
		{E2856360-4C2D-48DA-B4A0-0A2086E55242}.Release|x86.ActiveCfg = Release|Any CPU
		{E2856360-4C2D-48DA-B4A0-0A2086E55242}.Release|x86.Build.0 = Release|Any CPU
	EndGlobalSection
	GlobalSection(SolutionProperties) = preSolution
		HideSolutionNode = FALSE
	EndGlobalSection
	GlobalSection(NestedProjects) = preSolution
		{41FDFB90-1CC1-407B-85E5-71CCB249437E} = {D8C2F671-EBEB-409E-97C9-AE291E905AC1}
		{9E9FD194-2C48-4223-9932-775D6F753E5E} = {D8C2F671-EBEB-409E-97C9-AE291E905AC1}
	EndGlobalSection
	GlobalSection(ExtensibilityGlobals) = postSolution
		SolutionGuid = {A2238212-9AFB-4C63-9C7F-B47330311365}
	EndGlobalSection
EndGlobal
